github.com/google/go-cmp v0.7.0 h1:wk8382ETsv4JYUZwIsn6YpYiWiBsYLSJiTsyBybVuN8=
github.com/google/go-cmp v0.7.0/go.mod h1:pXiqmnSA92OHEEa9HXL2W4E7lf9JzCmGVUdgjX3N/iU=
github.com/madflojo/testlazy/things/testurl v1.2.0 h1:yQkEX4L2dQkxEG6eii/cGIIpeAScw8s4kvYy8vFjiBA=
github.com/madflojo/testlazy/things/testurl v1.2.0/go.mod h1:Kj/KFM34bvfnmaDzB+9IOGCxtsWwjymxomFJkBZEb8w=
github.com/planetscale/vtprotobuf v0.6.0 h1:nBeETjudeJ5ZgBHUz1fVHvbqUKnYOXNhsIEabROxmNA=
github.com/planetscale/vtprotobuf v0.6.0/go.mod h1:t/avpk3KcrXxUnYOhZhMXJlSEyie6gQbtLq5NM3loB8=
github.com/tarmac-project/protobuf-go v0.0.0-20251004154304-968947a7ba38 h1:l8KcT3tFK9lfaB2TARid5r4QfuJ09r33kWtpDwlTN0w=
github.com/tarmac-project/protobuf-go v0.0.0-20251004154304-968947a7ba38/go.mod h1:TtJAJlZ8d1xmkN32J8HHtvWOBPZMxEOg//yJeBXfbmw=
github.com/wapc/wapc-guest-tinygo v0.3.3 h1:jLebiwjVSHLGnS+BRabQ6+XOV7oihVWAc05Hf1SbeR0=
github.com/wapc/wapc-guest-tinygo v0.3.3/go.mod h1:mzM3CnsdSYktfPkaBdZ8v88ZlfUDEy5Jh5XBOV3fYcw=
google.golang.org/protobuf v1.36.10 h1:AYd7cD/uASjIL6Q9LiTjz8JLcrh/88q5UObnmY3aOOE=
google.golang.org/protobuf v1.36.10/go.mod h1:HTf+CrKn2C3g5S8VImy6tdcUvCska2kB7j23XfzDpco=
